
Microsoft Visual Studio Solution File, Format Version 12.00
# Visual Studio Version 16
VisualStudioVersion = 16.0.29326.143
MinimumVisualStudioVersion = 10.0.40219.1
Project("{2150E333-8FDC-42A3-9474-1A3956D46DE8}") = "src", "src", "{566FABBE-A6D9-49BF-A145-80288EC9FFB6}"
EndProject
Project("{2150E333-8FDC-42A3-9474-1A3956D46DE8}") = "tests", "tests", "{7467AB26-5991-4243-9D73-1508D6A7CBA7}"
EndProject
Project("{9A19103F-16F7-4668-BE54-9A1E7A4F7556}") = "Domain", "src\Domain\Domain.csproj", "{CEAE9244-7819-4196-81E4-531312EFC8B5}"
EndProject
Project("{9A19103F-16F7-4668-BE54-9A1E7A4F7556}") = "Application", "src\Application\Application.csproj", "{F91A7881-C596-4CB1-9354-C845B43FAE92}"
EndProject
Project("{9A19103F-16F7-4668-BE54-9A1E7A4F7556}") = "Infrastructure", "src\Infrastructure\Infrastructure.csproj", "{FEAEDC7A-50C7-4F0F-8DAB-0DA584DF3254}"
EndProject
Project("{9A19103F-16F7-4668-BE54-9A1E7A4F7556}") = "WebAPI", "src\WebAPI\WebAPI.csproj", "{FF94CE37-CC8A-411D-B151-A29999AE23EC}"
EndProject
Project("{9A19103F-16F7-4668-BE54-9A1E7A4F7556}") = "Application.UnitTests", "tests\Application.UnitTests\Application.UnitTests.csproj", "{29046BA7-4B67-4EE1-9646-503F4AE27252}"
EndProject
Project("{9A19103F-16F7-4668-BE54-9A1E7A4F7556}") = "Domain.UnitTests", "tests\Domain.UnitTests\Domain.UnitTests.csproj", "{C2A79143-8B31-4D6C-8932-5DA0A5B8CBBF}"
EndProject
Project("{9A19103F-16F7-4668-BE54-9A1E7A4F7556}") = "Infrastructure.IntegrationTests", "tests\Infrastructure.IntegrationTests\Infrastructure.IntegrationTests.csproj", "{B4E59B9D-491E-4A42-8D26-303A421DF887}"
EndProject
Project("{9A19103F-16F7-4668-BE54-9A1E7A4F7556}") = "WebAPI.IntegrationTests", "tests\WebAPI.IntegrationTests\WebAPI.IntegrationTests.csproj", "{69A080D5-2D79-400B-A4EC-112F7D1DA727}"
EndProject
Global
	GlobalSection(SolutionConfigurationPlatforms) = preSolution
		Debug|Any CPU = Debug|Any CPU
		Release|Any CPU = Release|Any CPU
	EndGlobalSection
	GlobalSection(ProjectConfigurationPlatforms) = postSolution
		{CEAE9244-7819-4196-81E4-531312EFC8B5}.Debug|Any CPU.ActiveCfg = Debug|Any CPU
		{CEAE9244-7819-4196-81E4-531312EFC8B5}.Debug|Any CPU.Build.0 = Debug|Any CPU
		{CEAE9244-7819-4196-81E4-531312EFC8B5}.Release|Any CPU.ActiveCfg = Release|Any CPU
		{CEAE9244-7819-4196-81E4-531312EFC8B5}.Release|Any CPU.Build.0 = Release|Any CPU
		{F91A7881-C596-4CB1-9354-C845B43FAE92}.Debug|Any CPU.ActiveCfg = Debug|Any CPU
		{F91A7881-C596-4CB1-9354-C845B43FAE92}.Debug|Any CPU.Build.0 = Debug|Any CPU
		{F91A7881-C596-4CB1-9354-C845B43FAE92}.Release|Any CPU.ActiveCfg = Release|Any CPU
		{F91A7881-C596-4CB1-9354-C845B43FAE92}.Release|Any CPU.Build.0 = Release|Any CPU
		{FEAEDC7A-50C7-4F0F-8DAB-0DA584DF3254}.Debug|Any CPU.ActiveCfg = Debug|Any CPU
		{FEAEDC7A-50C7-4F0F-8DAB-0DA584DF3254}.Debug|Any CPU.Build.0 = Debug|Any CPU
		{FEAEDC7A-50C7-4F0F-8DAB-0DA584DF3254}.Release|Any CPU.ActiveCfg = Release|Any CPU
		{FEAEDC7A-50C7-4F0F-8DAB-0DA584DF3254}.Release|Any CPU.Build.0 = Release|Any CPU
		{FF94CE37-CC8A-411D-B151-A29999AE23EC}.Debug|Any CPU.ActiveCfg = Debug|Any CPU
		{FF94CE37-CC8A-411D-B151-A29999AE23EC}.Debug|Any CPU.Build.0 = Debug|Any CPU
		{FF94CE37-CC8A-411D-B151-A29999AE23EC}.Release|Any CPU.ActiveCfg = Release|Any CPU
		{FF94CE37-CC8A-411D-B151-A29999AE23EC}.Release|Any CPU.Build.0 = Release|Any CPU
		{29046BA7-4B67-4EE1-9646-503F4AE27252}.Debug|Any CPU.ActiveCfg = Debug|Any CPU
		{29046BA7-4B67-4EE1-9646-503F4AE27252}.Debug|Any CPU.Build.0 = Debug|Any CPU
		{29046BA7-4B67-4EE1-9646-503F4AE27252}.Release|Any CPU.ActiveCfg = Release|Any CPU
		{29046BA7-4B67-4EE1-9646-503F4AE27252}.Release|Any CPU.Build.0 = Release|Any CPU
		{C2A79143-8B31-4D6C-8932-5DA0A5B8CBBF}.Debug|Any CPU.ActiveCfg = Debug|Any CPU
		{C2A79143-8B31-4D6C-8932-5DA0A5B8CBBF}.Debug|Any CPU.Build.0 = Debug|Any CPU
		{C2A79143-8B31-4D6C-8932-5DA0A5B8CBBF}.Release|Any CPU.ActiveCfg = Release|Any CPU
		{C2A79143-8B31-4D6C-8932-5DA0A5B8CBBF}.Release|Any CPU.Build.0 = Release|Any CPU
		{B4E59B9D-491E-4A42-8D26-303A421DF887}.Debug|Any CPU.ActiveCfg = Debug|Any CPU
		{B4E59B9D-491E-4A42-8D26-303A421DF887}.Debug|Any CPU.Build.0 = Debug|Any CPU
		{B4E59B9D-491E-4A42-8D26-303A421DF887}.Release|Any CPU.ActiveCfg = Release|Any CPU
		{B4E59B9D-491E-4A42-8D26-303A421DF887}.Release|Any CPU.Build.0 = Release|Any CPU
		{69A080D5-2D79-400B-A4EC-112F7D1DA727}.Debug|Any CPU.ActiveCfg = Debug|Any CPU
		{69A080D5-2D79-400B-A4EC-112F7D1DA727}.Debug|Any CPU.Build.0 = Debug|Any CPU
		{69A080D5-2D79-400B-A4EC-112F7D1DA727}.Release|Any CPU.ActiveCfg = Release|Any CPU
		{69A080D5-2D79-400B-A4EC-112F7D1DA727}.Release|Any CPU.Build.0 = Release|Any CPU
	EndGlobalSection
	GlobalSection(SolutionProperties) = preSolution
		HideSolutionNode = FALSE
	EndGlobalSection
	GlobalSection(NestedProjects) = preSolution
		{CEAE9244-7819-4196-81E4-531312EFC8B5} = {566FABBE-A6D9-49BF-A145-80288EC9FFB6}
		{F91A7881-C596-4CB1-9354-C845B43FAE92} = {566FABBE-A6D9-49BF-A145-80288EC9FFB6}
		{FEAEDC7A-50C7-4F0F-8DAB-0DA584DF3254} = {566FABBE-A6D9-49BF-A145-80288EC9FFB6}
		{FF94CE37-CC8A-411D-B151-A29999AE23EC} = {566FABBE-A6D9-49BF-A145-80288EC9FFB6}
		{29046BA7-4B67-4EE1-9646-503F4AE27252} = {7467AB26-5991-4243-9D73-1508D6A7CBA7}
		{C2A79143-8B31-4D6C-8932-5DA0A5B8CBBF} = {7467AB26-5991-4243-9D73-1508D6A7CBA7}
		{B4E59B9D-491E-4A42-8D26-303A421DF887} = {7467AB26-5991-4243-9D73-1508D6A7CBA7}
		{69A080D5-2D79-400B-A4EC-112F7D1DA727} = {7467AB26-5991-4243-9D73-1508D6A7CBA7}
	EndGlobalSection
	GlobalSection(ExtensibilityGlobals) = postSolution
		SolutionGuid = {2408063C-6930-480D-BAB4-24FBDB171D96}
	EndGlobalSection
EndGlobal
