
Microsoft Visual Studio Solution File, Format Version 12.00
# Visual Studio Version 16
VisualStudioVersion = 16.0.29326.143
MinimumVisualStudioVersion = 10.0.40219.1
Project("{2150E333-8FDC-42A3-9474-1A3956D46DE8}") = "src", "src", "{566FABBE-A6D9-49BF-A145-80288EC9FFB6}"
EndProject
Project("{2150E333-8FDC-42A3-9474-1A3956D46DE8}") = "tests", "tests", "{7467AB26-5991-4243-9D73-1508D6A7CBA7}"
EndProject
Project("{FAE04EC0-301F-11D3-BF4B-00C04F79EFBC}") = "Domain", "src\Domain\Domain.csproj", "{CEAE9244-7819-4196-81E4-531312EFC8B5}"
EndProject
Global
	GlobalSection(SolutionConfigurationPlatforms) = preSolution
		Debug|Any CPU = Debug|Any CPU
		Release|Any CPU = Release|Any CPU
	EndGlobalSection
	GlobalSection(ProjectConfigurationPlatforms) = postSolution
		{CEAE9244-7819-4196-81E4-531312EFC8B5}.Debug|Any CPU.ActiveCfg = Debug|Any CPU
		{CEAE9244-7819-4196-81E4-531312EFC8B5}.Debug|Any CPU.Build.0 = Debug|Any CPU
		{CEAE9244-7819-4196-81E4-531312EFC8B5}.Release|Any CPU.ActiveCfg = Release|Any CPU
		{CEAE9244-7819-4196-81E4-531312EFC8B5}.Release|Any CPU.Build.0 = Release|Any CPU
	EndGlobalSection
	GlobalSection(SolutionProperties) = preSolution
		HideSolutionNode = FALSE
	EndGlobalSection
	GlobalSection(NestedProjects) = preSolution
		{CEAE9244-7819-4196-81E4-531312EFC8B5} = {566FABBE-A6D9-49BF-A145-80288EC9FFB6}
	EndGlobalSection
	GlobalSection(ExtensibilityGlobals) = postSolution
		SolutionGuid = {2408063C-6930-480D-BAB4-24FBDB171D96}
	EndGlobalSection
EndGlobal
